
Microsoft Visual Studio Solution File, Format Version 12.00
# Visual Studio Version 17
VisualStudioVersion = 17.0.31903.59
MinimumVisualStudioVersion = 10.0.40219.1
Project("{2150E333-8FDC-42A3-9474-1A3956D46DE8}") = "src", "src", "{34C57377-32FE-43FC-B8EF-4653FDDB2AD0}"
EndProject
Project("{FAE04EC0-301F-11D3-BF4B-00C04F79EFBC}") = "TextExpander", "src\TextExpander\TextExpander.csproj", "{137EA939-4896-4000-8A78-C8625D623F68}"
EndProject
Project("{FAE04EC0-301F-11D3-BF4B-00C04F79EFBC}") = "TextExpander.Tests", "src\TextExpander.Tests\TextExpander.Tests.csproj", "{2B9E7C7D-796D-4C9F-9AFC-43F1354252F9}"
EndProject
Global
	GlobalSection(SolutionConfigurationPlatforms) = preSolution
		Debug|Any CPU = Debug|Any CPU
		Release|Any CPU = Release|Any CPU
	EndGlobalSection
	GlobalSection(SolutionProperties) = preSolution
		HideSolutionNode = FALSE
	EndGlobalSection
	GlobalSection(ProjectConfigurationPlatforms) = postSolution
		{137EA939-4896-4000-8A78-C8625D623F68}.Debug|Any CPU.ActiveCfg = Debug|Any CPU
		{137EA939-4896-4000-8A78-C8625D623F68}.Debug|Any CPU.Build.0 = Debug|Any CPU
		{137EA939-4896-4000-8A78-C8625D623F68}.Release|Any CPU.ActiveCfg = Release|Any CPU
		{137EA939-4896-4000-8A78-C8625D623F68}.Release|Any CPU.Build.0 = Release|Any CPU
		{2B9E7C7D-796D-4C9F-9AFC-43F1354252F9}.Debug|Any CPU.ActiveCfg = Debug|Any CPU
		{2B9E7C7D-796D-4C9F-9AFC-43F1354252F9}.Debug|Any CPU.Build.0 = Debug|Any CPU
		{2B9E7C7D-796D-4C9F-9AFC-43F1354252F9}.Release|Any CPU.ActiveCfg = Release|Any CPU
		{2B9E7C7D-796D-4C9F-9AFC-43F1354252F9}.Release|Any CPU.Build.0 = Release|Any CPU
	EndGlobalSection
	GlobalSection(NestedProjects) = preSolution
		{137EA939-4896-4000-8A78-C8625D623F68} = {34C57377-32FE-43FC-B8EF-4653FDDB2AD0}
		{2B9E7C7D-796D-4C9F-9AFC-43F1354252F9} = {34C57377-32FE-43FC-B8EF-4653FDDB2AD0}
	EndGlobalSection
EndGlobal
